
Microsoft Visual Studio Solution File, Format Version 12.00
# Visual Studio Version 17
VisualStudioVersion = 17.13.35818.85 d17.13
MinimumVisualStudioVersion = 10.0.40219.1
Project("{888888A0-9F3D-457C-B088-3A5042F75D52}") = "ST01", "ST01.pyproj", "{E318EDD1-C32B-453B-99AF-BD0776A94B87}"
EndProject
Global
	GlobalSection(SolutionConfigurationPlatforms) = preSolution
		Debug|Any CPU = Debug|Any CPU
		Release|Any CPU = Release|Any CPU
	EndGlobalSection
	GlobalSection(ProjectConfigurationPlatforms) = postSolution
		{E318EDD1-C32B-453B-99AF-BD0776A94B87}.Debug|Any CPU.ActiveCfg = Debug|Any CPU
		{E318EDD1-C32B-453B-99AF-BD0776A94B87}.Release|Any CPU.ActiveCfg = Release|Any CPU
	EndGlobalSection
	GlobalSection(SolutionProperties) = preSolution
		HideSolutionNode = FALSE
	EndGlobalSection
	GlobalSection(ExtensibilityGlobals) = postSolution
		SolutionGuid = {7920AFEB-4010-4063-A887-A70A01543127}
	EndGlobalSection
EndGlobal
